
Microsoft Visual Studio Solution File, Format Version 12.00
# Visual Studio Version 16
VisualStudioVersion = 16.0.30907.101
MinimumVisualStudioVersion = 10.0.40219.1
Project("{FAE04EC0-301F-11D3-BF4B-00C04F79EFBC}") = "webAPI", "webAPI\webAPI.csproj", "{FA020CD0-4602-4661-8B84-AF267DB4200E}"
EndProject
Global
	GlobalSection(SolutionConfigurationPlatforms) = preSolution
		Debug|Any CPU = Debug|Any CPU
		Release|Any CPU = Release|Any CPU
	EndGlobalSection
	GlobalSection(ProjectConfigurationPlatforms) = postSolution
		{FA020CD0-4602-4661-8B84-AF267DB4200E}.Debug|Any CPU.ActiveCfg = Debug|Any CPU
		{FA020CD0-4602-4661-8B84-AF267DB4200E}.Debug|Any CPU.Build.0 = Debug|Any CPU
		{FA020CD0-4602-4661-8B84-AF267DB4200E}.Release|Any CPU.ActiveCfg = Release|Any CPU
		{FA020CD0-4602-4661-8B84-AF267DB4200E}.Release|Any CPU.Build.0 = Release|Any CPU
	EndGlobalSection
	GlobalSection(SolutionProperties) = preSolution
		HideSolutionNode = FALSE
	EndGlobalSection
	GlobalSection(ExtensibilityGlobals) = postSolution
		SolutionGuid = {FE708C24-9FB5-47F0-8F26-40002DD46980}
	EndGlobalSection
EndGlobal
